// !$*UTF8*$!
{
	archiveVersion = 1;
	classes = {
	};
	objectVersion = 56;
	objects = {

/* Begin PBXBuildFile section */
		290B363A2B4AB5E600A9F6AF /* RegisterationViewModel.swift in Sources */ = {isa = PBXBuildFile; fileRef = 290B36392B4AB5E600A9F6AF /* RegisterationViewModel.swift */; };
		290B363C2B4ABDFE00A9F6AF /* LoginViewModel.swift in Sources */ = {isa = PBXBuildFile; fileRef = 290B363B2B4ABDFD00A9F6AF /* LoginViewModel.swift */; };
		29154D2A2B4C76300062A897 /* FeedViewModel.swift in Sources */ = {isa = PBXBuildFile; fileRef = 29154D292B4C76300062A897 /* FeedViewModel.swift */; };
		29154D2C2B4C7E950062A897 /* GoogleService-Info.plist in Resources */ = {isa = PBXBuildFile; fileRef = 29154D2B2B4C7E940062A897 /* GoogleService-Info.plist */; };
		292A6A822B49C0DF00E9A253 /* Post.swift in Sources */ = {isa = PBXBuildFile; fileRef = 292A6A812B49C0DF00E9A253 /* Post.swift */; };
		292A6A852B49C5EF00E9A253 /* UploadPostView.swift in Sources */ = {isa = PBXBuildFile; fileRef = 292A6A842B49C5EF00E9A253 /* UploadPostView.swift */; };
		292A6A872B49CAE800E9A253 /* UploadPostViewModel.swift in Sources */ = {isa = PBXBuildFile; fileRef = 292A6A862B49CAE800E9A253 /* UploadPostViewModel.swift */; };
		292A6A8C2B49D5C100E9A253 /* FirebaseAnalytics in Frameworks */ = {isa = PBXBuildFile; productRef = 292A6A8B2B49D5C100E9A253 /* FirebaseAnalytics */; };
		292A6A8E2B49D5C100E9A253 /* FirebaseAnalyticsOnDeviceConversion in Frameworks */ = {isa = PBXBuildFile; productRef = 292A6A8D2B49D5C100E9A253 /* FirebaseAnalyticsOnDeviceConversion */; };
		292A6A902B49D5C100E9A253 /* FirebaseAnalyticsSwift in Frameworks */ = {isa = PBXBuildFile; productRef = 292A6A8F2B49D5C100E9A253 /* FirebaseAnalyticsSwift */; };
		292A6A922B49D5C100E9A253 /* FirebaseAnalyticsWithoutAdIdSupport in Frameworks */ = {isa = PBXBuildFile; productRef = 292A6A912B49D5C100E9A253 /* FirebaseAnalyticsWithoutAdIdSupport */; };
		292A6A942B49D5C100E9A253 /* FirebaseAppCheck in Frameworks */ = {isa = PBXBuildFile; productRef = 292A6A932B49D5C100E9A253 /* FirebaseAppCheck */; };
		292A6A962B49D5C100E9A253 /* FirebaseAppDistribution-Beta in Frameworks */ = {isa = PBXBuildFile; productRef = 292A6A952B49D5C100E9A253 /* FirebaseAppDistribution-Beta */; };
		292A6A982B49D5C100E9A253 /* FirebaseAuth in Frameworks */ = {isa = PBXBuildFile; productRef = 292A6A972B49D5C100E9A253 /* FirebaseAuth */; };
		292A6A9A2B49D5C100E9A253 /* FirebaseAuthCombine-Community in Frameworks */ = {isa = PBXBuildFile; productRef = 292A6A992B49D5C100E9A253 /* FirebaseAuthCombine-Community */; };
		292A6A9C2B49D5C100E9A253 /* FirebaseCrashlytics in Frameworks */ = {isa = PBXBuildFile; productRef = 292A6A9B2B49D5C100E9A253 /* FirebaseCrashlytics */; };
		292A6A9E2B49D5C100E9A253 /* FirebaseDatabase in Frameworks */ = {isa = PBXBuildFile; productRef = 292A6A9D2B49D5C100E9A253 /* FirebaseDatabase */; };
		292A6AA02B49D5C100E9A253 /* FirebaseDatabaseSwift in Frameworks */ = {isa = PBXBuildFile; productRef = 292A6A9F2B49D5C100E9A253 /* FirebaseDatabaseSwift */; };
		292A6AA22B49D5C100E9A253 /* FirebaseDynamicLinks in Frameworks */ = {isa = PBXBuildFile; productRef = 292A6AA12B49D5C100E9A253 /* FirebaseDynamicLinks */; };
		292A6AA42B49D5C100E9A253 /* FirebaseFirestore in Frameworks */ = {isa = PBXBuildFile; productRef = 292A6AA32B49D5C100E9A253 /* FirebaseFirestore */; };
		292A6AA62B49D5C100E9A253 /* FirebaseFirestoreCombine-Community in Frameworks */ = {isa = PBXBuildFile; productRef = 292A6AA52B49D5C100E9A253 /* FirebaseFirestoreCombine-Community */; };
		292A6AA82B49D5C100E9A253 /* FirebaseFirestoreSwift in Frameworks */ = {isa = PBXBuildFile; productRef = 292A6AA72B49D5C100E9A253 /* FirebaseFirestoreSwift */; };
		292A6AAA2B49D5C100E9A253 /* FirebaseFunctions in Frameworks */ = {isa = PBXBuildFile; productRef = 292A6AA92B49D5C100E9A253 /* FirebaseFunctions */; };
		292A6AAC2B49D5C100E9A253 /* FirebaseFunctionsCombine-Community in Frameworks */ = {isa = PBXBuildFile; productRef = 292A6AAB2B49D5C100E9A253 /* FirebaseFunctionsCombine-Community */; };
		292A6AAE2B49D5C100E9A253 /* FirebaseInAppMessaging-Beta in Frameworks */ = {isa = PBXBuildFile; productRef = 292A6AAD2B49D5C100E9A253 /* FirebaseInAppMessaging-Beta */; };
		292A6AB02B49D5C100E9A253 /* FirebaseInAppMessagingSwift-Beta in Frameworks */ = {isa = PBXBuildFile; productRef = 292A6AAF2B49D5C100E9A253 /* FirebaseInAppMessagingSwift-Beta */; };
		292A6AB22B49D5C100E9A253 /* FirebaseInstallations in Frameworks */ = {isa = PBXBuildFile; productRef = 292A6AB12B49D5C100E9A253 /* FirebaseInstallations */; };
		292A6AB42B49D5C100E9A253 /* FirebaseMLModelDownloader in Frameworks */ = {isa = PBXBuildFile; productRef = 292A6AB32B49D5C100E9A253 /* FirebaseMLModelDownloader */; };
		292A6AB62B49D5C100E9A253 /* FirebaseMessaging in Frameworks */ = {isa = PBXBuildFile; productRef = 292A6AB52B49D5C100E9A253 /* FirebaseMessaging */; };
		292A6AB82B49D5C100E9A253 /* FirebasePerformance in Frameworks */ = {isa = PBXBuildFile; productRef = 292A6AB72B49D5C100E9A253 /* FirebasePerformance */; };
		292A6ABA2B49D5C100E9A253 /* FirebaseRemoteConfig in Frameworks */ = {isa = PBXBuildFile; productRef = 292A6AB92B49D5C100E9A253 /* FirebaseRemoteConfig */; };
		292A6ABC2B49D5C100E9A253 /* FirebaseRemoteConfigSwift in Frameworks */ = {isa = PBXBuildFile; productRef = 292A6ABB2B49D5C100E9A253 /* FirebaseRemoteConfigSwift */; };
		292A6ABE2B49D5C100E9A253 /* FirebaseStorage in Frameworks */ = {isa = PBXBuildFile; productRef = 292A6ABD2B49D5C100E9A253 /* FirebaseStorage */; };
		292A6AC02B49D5C100E9A253 /* FirebaseStorageCombine-Community in Frameworks */ = {isa = PBXBuildFile; productRef = 292A6ABF2B49D5C100E9A253 /* FirebaseStorageCombine-Community */; };
		292A6AC42B49D77400E9A253 /* AuthService.swift in Sources */ = {isa = PBXBuildFile; fileRef = 292A6AC32B49D77400E9A253 /* AuthService.swift */; };
		292A6AC92B49D88400E9A253 /* ContentViewModel.swift in Sources */ = {isa = PBXBuildFile; fileRef = 292A6AC82B49D88400E9A253 /* ContentViewModel.swift */; };
		292B6A122B4B027200E3F804 /* EditProfileView.swift in Sources */ = {isa = PBXBuildFile; fileRef = 292B6A112B4B027200E3F804 /* EditProfileView.swift */; };
		292B6A162B4B06E000E3F804 /* EditProfileViewModel.swift in Sources */ = {isa = PBXBuildFile; fileRef = 292B6A152B4B06E000E3F804 /* EditProfileViewModel.swift */; };
		2932ADCD2B485FEA0001B4D7 /* InstagramApp.swift in Sources */ = {isa = PBXBuildFile; fileRef = 2932ADCC2B485FEA0001B4D7 /* InstagramApp.swift */; };
		2932ADCF2B485FEA0001B4D7 /* ContentView.swift in Sources */ = {isa = PBXBuildFile; fileRef = 2932ADCE2B485FEA0001B4D7 /* ContentView.swift */; };
		2932ADD12B485FEB0001B4D7 /* Assets.xcassets in Resources */ = {isa = PBXBuildFile; fileRef = 2932ADD02B485FEB0001B4D7 /* Assets.xcassets */; };
		2932ADD42B485FEB0001B4D7 /* Preview Assets.xcassets in Resources */ = {isa = PBXBuildFile; fileRef = 2932ADD32B485FEB0001B4D7 /* Preview Assets.xcassets */; };
		2932ADE42B48609D0001B4D7 /* TabBarView.swift in Sources */ = {isa = PBXBuildFile; fileRef = 2932ADE32B48609D0001B4D7 /* TabBarView.swift */; };
		2932ADE62B4861CE0001B4D7 /* ProfileView.swift in Sources */ = {isa = PBXBuildFile; fileRef = 2932ADE52B4861CE0001B4D7 /* ProfileView.swift */; };
		2932ADE82B4862120001B4D7 /* ProfileStatView.swift in Sources */ = {isa = PBXBuildFile; fileRef = 2932ADE72B4862120001B4D7 /* ProfileStatView.swift */; };
		2932ADEA2B486B810001B4D7 /* FeedView.swift in Sources */ = {isa = PBXBuildFile; fileRef = 2932ADE92B486B810001B4D7 /* FeedView.swift */; };
		2932ADEC2B486B990001B4D7 /* FeedCellView.swift in Sources */ = {isa = PBXBuildFile; fileRef = 2932ADEB2B486B990001B4D7 /* FeedCellView.swift */; };
		2932ADEE2B486C9A0001B4D7 /* FeedCellActionView.swift in Sources */ = {isa = PBXBuildFile; fileRef = 2932ADED2B486C9A0001B4D7 /* FeedCellActionView.swift */; };
		2932ADF12B4872D00001B4D7 /* SearchView.swift in Sources */ = {isa = PBXBuildFile; fileRef = 2932ADF02B4872D00001B4D7 /* SearchView.swift */; };
		2932ADF32B4873020001B4D7 /* SearchItemView.swift in Sources */ = {isa = PBXBuildFile; fileRef = 2932ADF22B4873020001B4D7 /* SearchItemView.swift */; };
		2932ADF52B4874D00001B4D7 /* LoginView.swift in Sources */ = {isa = PBXBuildFile; fileRef = 2932ADF42B4874D00001B4D7 /* LoginView.swift */; };
		2932ADF82B4876EF0001B4D7 /* TextFieldModifier.swift in Sources */ = {isa = PBXBuildFile; fileRef = 2932ADF72B4876EF0001B4D7 /* TextFieldModifier.swift */; };
		293A57EF2B4C131F008BF253 /* ProfileImageView.swift in Sources */ = {isa = PBXBuildFile; fileRef = 293A57EE2B4C131F008BF253 /* ProfileImageView.swift */; };
		294DF8572B48931900B0162E /* EmailView.swift in Sources */ = {isa = PBXBuildFile; fileRef = 294DF8562B48931900B0162E /* EmailView.swift */; };
		2953DAF02B48BBC10019D662 /* RegisterationStepView.swift in Sources */ = {isa = PBXBuildFile; fileRef = 2953DAEF2B48BBC10019D662 /* RegisterationStepView.swift */; };
		2953DAF22B48BF420019D662 /* UsernameView.swift in Sources */ = {isa = PBXBuildFile; fileRef = 2953DAF12B48BF420019D662 /* UsernameView.swift */; };
		2953DAF42B48C0200019D662 /* PrimaryButtonLabelModifier.swift in Sources */ = {isa = PBXBuildFile; fileRef = 2953DAF32B48C0200019D662 /* PrimaryButtonLabelModifier.swift */; };
		2953DAF62B48C3730019D662 /* PasswordView.swift in Sources */ = {isa = PBXBuildFile; fileRef = 2953DAF52B48C3730019D662 /* PasswordView.swift */; };
		2953DAF82B48C3DF0019D662 /* CompleteRegisterationView.swift in Sources */ = {isa = PBXBuildFile; fileRef = 2953DAF72B48C3DF0019D662 /* CompleteRegisterationView.swift */; };
		2953DAFA2B48C5EF0019D662 /* User.swift in Sources */ = {isa = PBXBuildFile; fileRef = 2953DAF92B48C5EF0019D662 /* User.swift */; };
		2953DAFC2B48C90D0019D662 /* ProfileStructureView.swift in Sources */ = {isa = PBXBuildFile; fileRef = 2953DAFB2B48C90D0019D662 /* ProfileStructureView.swift */; };
		295547612B4AF59E002AE4CF /* UserService.swift in Sources */ = {isa = PBXBuildFile; fileRef = 295547602B4AF59E002AE4CF /* UserService.swift */; };
		295547662B4AF675002AE4CF /* SearchViewModel.swift in Sources */ = {isa = PBXBuildFile; fileRef = 295547652B4AF675002AE4CF /* SearchViewModel.swift */; };
		295C70662B4B33B80069A6B3 /* StorageService.swift in Sources */ = {isa = PBXBuildFile; fileRef = 295C70652B4B33B80069A6B3 /* StorageService.swift */; };
		295C70692B4B3C940069A6B3 /* Kingfisher in Frameworks */ = {isa = PBXBuildFile; productRef = 295C70682B4B3C940069A6B3 /* Kingfisher */; };
		295E217C2B4EC78F00133E34 /* CommentService.swift in Sources */ = {isa = PBXBuildFile; fileRef = 295E217B2B4EC78F00133E34 /* CommentService.swift */; };
		295E217E2B4EC7A000133E34 /* CommentViewModel.swift in Sources */ = {isa = PBXBuildFile; fileRef = 295E217D2B4EC7A000133E34 /* CommentViewModel.swift */; };
		297C7AED2B4DAC8300B795CA /* CommentCellView.swift in Sources */ = {isa = PBXBuildFile; fileRef = 297C7AEC2B4DAC8300B795CA /* CommentCellView.swift */; };
		297C7AF02B4DAC9600B795CA /* CommentsView.swift in Sources */ = {isa = PBXBuildFile; fileRef = 297C7AEF2B4DAC9600B795CA /* CommentsView.swift */; };
		297C7AF42B4DB70C00B795CA /* Comment.swift in Sources */ = {isa = PBXBuildFile; fileRef = 297C7AF32B4DB70C00B795CA /* Comment.swift */; };
		29C4A6FE2B4C99B500E9BD92 /* PostService.swift in Sources */ = {isa = PBXBuildFile; fileRef = 29C4A6FD2B4C99B500E9BD92 /* PostService.swift */; };
		29C4A7002B4C9DBE00E9BD92 /* ProfileStructureViewModel.swift in Sources */ = {isa = PBXBuildFile; fileRef = 29C4A6FF2B4C9DBE00E9BD92 /* ProfileStructureViewModel.swift */; };
		29C4A7022B4CA58F00E9BD92 /* FeedCellViewModel.swift in Sources */ = {isa = PBXBuildFile; fileRef = 29C4A7012B4CA58F00E9BD92 /* FeedCellViewModel.swift */; };
/* End PBXBuildFile section */

/* Begin PBXFileReference section */
		290B36392B4AB5E600A9F6AF /* RegisterationViewModel.swift */ = {isa = PBXFileReference; lastKnownFileType = sourcecode.swift; path = RegisterationViewModel.swift; sourceTree = "<group>"; };
		290B363B2B4ABDFD00A9F6AF /* LoginViewModel.swift */ = {isa = PBXFileReference; lastKnownFileType = sourcecode.swift; path = LoginViewModel.swift; sourceTree = "<group>"; };
		29154D292B4C76300062A897 /* FeedViewModel.swift */ = {isa = PBXFileReference; lastKnownFileType = sourcecode.swift; path = FeedViewModel.swift; sourceTree = "<group>"; };
		29154D2B2B4C7E940062A897 /* GoogleService-Info.plist */ = {isa = PBXFileReference; fileEncoding = 4; lastKnownFileType = text.plist.xml; path = "GoogleService-Info.plist"; sourceTree = "<group>"; };
		292A6A812B49C0DF00E9A253 /* Post.swift */ = {isa = PBXFileReference; lastKnownFileType = sourcecode.swift; path = Post.swift; sourceTree = "<group>"; };
		292A6A842B49C5EF00E9A253 /* UploadPostView.swift */ = {isa = PBXFileReference; lastKnownFileType = sourcecode.swift; path = UploadPostView.swift; sourceTree = "<group>"; };
		292A6A862B49CAE800E9A253 /* UploadPostViewModel.swift */ = {isa = PBXFileReference; lastKnownFileType = sourcecode.swift; path = UploadPostViewModel.swift; sourceTree = "<group>"; };
		292A6AC32B49D77400E9A253 /* AuthService.swift */ = {isa = PBXFileReference; lastKnownFileType = sourcecode.swift; path = AuthService.swift; sourceTree = "<group>"; };
		292A6AC82B49D88400E9A253 /* ContentViewModel.swift */ = {isa = PBXFileReference; lastKnownFileType = sourcecode.swift; path = ContentViewModel.swift; sourceTree = "<group>"; };
		292B6A112B4B027200E3F804 /* EditProfileView.swift */ = {isa = PBXFileReference; lastKnownFileType = sourcecode.swift; path = EditProfileView.swift; sourceTree = "<group>"; };
		292B6A152B4B06E000E3F804 /* EditProfileViewModel.swift */ = {isa = PBXFileReference; lastKnownFileType = sourcecode.swift; path = EditProfileViewModel.swift; sourceTree = "<group>"; };
		2932ADC92B485FEA0001B4D7 /* Instagram.app */ = {isa = PBXFileReference; explicitFileType = wrapper.application; includeInIndex = 0; path = Instagram.app; sourceTree = BUILT_PRODUCTS_DIR; };
		2932ADCC2B485FEA0001B4D7 /* InstagramApp.swift */ = {isa = PBXFileReference; lastKnownFileType = sourcecode.swift; path = InstagramApp.swift; sourceTree = "<group>"; };
		2932ADCE2B485FEA0001B4D7 /* ContentView.swift */ = {isa = PBXFileReference; lastKnownFileType = sourcecode.swift; path = ContentView.swift; sourceTree = "<group>"; };
		2932ADD02B485FEB0001B4D7 /* Assets.xcassets */ = {isa = PBXFileReference; lastKnownFileType = folder.assetcatalog; path = Assets.xcassets; sourceTree = "<group>"; };
		2932ADD32B485FEB0001B4D7 /* Preview Assets.xcassets */ = {isa = PBXFileReference; lastKnownFileType = folder.assetcatalog; path = "Preview Assets.xcassets"; sourceTree = "<group>"; };
		2932ADE32B48609D0001B4D7 /* TabBarView.swift */ = {isa = PBXFileReference; lastKnownFileType = sourcecode.swift; path = TabBarView.swift; sourceTree = "<group>"; };
		2932ADE52B4861CE0001B4D7 /* ProfileView.swift */ = {isa = PBXFileReference; lastKnownFileType = sourcecode.swift; path = ProfileView.swift; sourceTree = "<group>"; };
		2932ADE72B4862120001B4D7 /* ProfileStatView.swift */ = {isa = PBXFileReference; lastKnownFileType = sourcecode.swift; path = ProfileStatView.swift; sourceTree = "<group>"; };
		2932ADE92B486B810001B4D7 /* FeedView.swift */ = {isa = PBXFileReference; lastKnownFileType = sourcecode.swift; path = FeedView.swift; sourceTree = "<group>"; };
		2932ADEB2B486B990001B4D7 /* FeedCellView.swift */ = {isa = PBXFileReference; lastKnownFileType = sourcecode.swift; path = FeedCellView.swift; sourceTree = "<group>"; };
		2932ADED2B486C9A0001B4D7 /* FeedCellActionView.swift */ = {isa = PBXFileReference; lastKnownFileType = sourcecode.swift; path = FeedCellActionView.swift; sourceTree = "<group>"; };
		2932ADF02B4872D00001B4D7 /* SearchView.swift */ = {isa = PBXFileReference; lastKnownFileType = sourcecode.swift; path = SearchView.swift; sourceTree = "<group>"; };
		2932ADF22B4873020001B4D7 /* SearchItemView.swift */ = {isa = PBXFileReference; lastKnownFileType = sourcecode.swift; path = SearchItemView.swift; sourceTree = "<group>"; };
		2932ADF42B4874D00001B4D7 /* LoginView.swift */ = {isa = PBXFileReference; lastKnownFileType = sourcecode.swift; path = LoginView.swift; sourceTree = "<group>"; };
		2932ADF72B4876EF0001B4D7 /* TextFieldModifier.swift */ = {isa = PBXFileReference; lastKnownFileType = sourcecode.swift; path = TextFieldModifier.swift; sourceTree = "<group>"; };
		293A57EE2B4C131F008BF253 /* ProfileImageView.swift */ = {isa = PBXFileReference; lastKnownFileType = sourcecode.swift; path = ProfileImageView.swift; sourceTree = "<group>"; };
		294DF8562B48931900B0162E /* EmailView.swift */ = {isa = PBXFileReference; lastKnownFileType = sourcecode.swift; path = EmailView.swift; sourceTree = "<group>"; };
		2953DAEF2B48BBC10019D662 /* RegisterationStepView.swift */ = {isa = PBXFileReference; lastKnownFileType = sourcecode.swift; path = RegisterationStepView.swift; sourceTree = "<group>"; };
		2953DAF12B48BF420019D662 /* UsernameView.swift */ = {isa = PBXFileReference; lastKnownFileType = sourcecode.swift; path = UsernameView.swift; sourceTree = "<group>"; };
		2953DAF32B48C0200019D662 /* PrimaryButtonLabelModifier.swift */ = {isa = PBXFileReference; lastKnownFileType = sourcecode.swift; path = PrimaryButtonLabelModifier.swift; sourceTree = "<group>"; };
		2953DAF52B48C3730019D662 /* PasswordView.swift */ = {isa = PBXFileReference; lastKnownFileType = sourcecode.swift; path = PasswordView.swift; sourceTree = "<group>"; };
		2953DAF72B48C3DF0019D662 /* CompleteRegisterationView.swift */ = {isa = PBXFileReference; lastKnownFileType = sourcecode.swift; path = CompleteRegisterationView.swift; sourceTree = "<group>"; };
		2953DAF92B48C5EF0019D662 /* User.swift */ = {isa = PBXFileReference; lastKnownFileType = sourcecode.swift; path = User.swift; sourceTree = "<group>"; };
		2953DAFB2B48C90D0019D662 /* ProfileStructureView.swift */ = {isa = PBXFileReference; lastKnownFileType = sourcecode.swift; path = ProfileStructureView.swift; sourceTree = "<group>"; };
		295547602B4AF59E002AE4CF /* UserService.swift */ = {isa = PBXFileReference; lastKnownFileType = sourcecode.swift; path = UserService.swift; sourceTree = "<group>"; };
		295547652B4AF675002AE4CF /* SearchViewModel.swift */ = {isa = PBXFileReference; lastKnownFileType = sourcecode.swift; path = SearchViewModel.swift; sourceTree = "<group>"; };
		295C70652B4B33B80069A6B3 /* StorageService.swift */ = {isa = PBXFileReference; lastKnownFileType = sourcecode.swift; path = StorageService.swift; sourceTree = "<group>"; };
		295E217B2B4EC78F00133E34 /* CommentService.swift */ = {isa = PBXFileReference; lastKnownFileType = sourcecode.swift; path = CommentService.swift; sourceTree = "<group>"; };
		295E217D2B4EC7A000133E34 /* CommentViewModel.swift */ = {isa = PBXFileReference; lastKnownFileType = sourcecode.swift; path = CommentViewModel.swift; sourceTree = "<group>"; };
		297C7AEC2B4DAC8300B795CA /* CommentCellView.swift */ = {isa = PBXFileReference; lastKnownFileType = sourcecode.swift; path = CommentCellView.swift; sourceTree = "<group>"; };
		297C7AEF2B4DAC9600B795CA /* CommentsView.swift */ = {isa = PBXFileReference; lastKnownFileType = sourcecode.swift; path = CommentsView.swift; sourceTree = "<group>"; };
		297C7AF32B4DB70C00B795CA /* Comment.swift */ = {isa = PBXFileReference; lastKnownFileType = sourcecode.swift; path = Comment.swift; sourceTree = "<group>"; };
		29C4A6FD2B4C99B500E9BD92 /* PostService.swift */ = {isa = PBXFileReference; lastKnownFileType = sourcecode.swift; path = PostService.swift; sourceTree = "<group>"; };
		29C4A6FF2B4C9DBE00E9BD92 /* ProfileStructureViewModel.swift */ = {isa = PBXFileReference; lastKnownFileType = sourcecode.swift; path = ProfileStructureViewModel.swift; sourceTree = "<group>"; };
		29C4A7012B4CA58F00E9BD92 /* FeedCellViewModel.swift */ = {isa = PBXFileReference; lastKnownFileType = sourcecode.swift; path = FeedCellViewModel.swift; sourceTree = "<group>"; };
/* End PBXFileReference section */

/* Begin PBXFrameworksBuildPhase section */
		2932ADC62B485FEA0001B4D7 /* Frameworks */ = {
			isa = PBXFrameworksBuildPhase;
			buildActionMask = 2147483647;
			files = (
				292A6A9E2B49D5C100E9A253 /* FirebaseDatabase in Frameworks */,
				292A6AAC2B49D5C100E9A253 /* FirebaseFunctionsCombine-Community in Frameworks */,
				292A6AA42B49D5C100E9A253 /* FirebaseFirestore in Frameworks */,
				292A6A902B49D5C100E9A253 /* FirebaseAnalyticsSwift in Frameworks */,
				292A6A8C2B49D5C100E9A253 /* FirebaseAnalytics in Frameworks */,
				292A6A8E2B49D5C100E9A253 /* FirebaseAnalyticsOnDeviceConversion in Frameworks */,
				292A6AB42B49D5C100E9A253 /* FirebaseMLModelDownloader in Frameworks */,
				292A6AA82B49D5C100E9A253 /* FirebaseFirestoreSwift in Frameworks */,
				292A6A942B49D5C100E9A253 /* FirebaseAppCheck in Frameworks */,
				292A6A922B49D5C100E9A253 /* FirebaseAnalyticsWithoutAdIdSupport in Frameworks */,
				292A6A982B49D5C100E9A253 /* FirebaseAuth in Frameworks */,
				292A6A9C2B49D5C100E9A253 /* FirebaseCrashlytics in Frameworks */,
				292A6ABC2B49D5C100E9A253 /* FirebaseRemoteConfigSwift in Frameworks */,
				292A6AAE2B49D5C100E9A253 /* FirebaseInAppMessaging-Beta in Frameworks */,
				292A6AA02B49D5C100E9A253 /* FirebaseDatabaseSwift in Frameworks */,
				292A6AAA2B49D5C100E9A253 /* FirebaseFunctions in Frameworks */,
				295C70692B4B3C940069A6B3 /* Kingfisher in Frameworks */,
				292A6AC02B49D5C100E9A253 /* FirebaseStorageCombine-Community in Frameworks */,
				292A6ABA2B49D5C100E9A253 /* FirebaseRemoteConfig in Frameworks */,
				292A6A962B49D5C100E9A253 /* FirebaseAppDistribution-Beta in Frameworks */,
				292A6A9A2B49D5C100E9A253 /* FirebaseAuthCombine-Community in Frameworks */,
				292A6AB82B49D5C100E9A253 /* FirebasePerformance in Frameworks */,
				292A6AB02B49D5C100E9A253 /* FirebaseInAppMessagingSwift-Beta in Frameworks */,
				292A6ABE2B49D5C100E9A253 /* FirebaseStorage in Frameworks */,
				292A6AA22B49D5C100E9A253 /* FirebaseDynamicLinks in Frameworks */,
				292A6AA62B49D5C100E9A253 /* FirebaseFirestoreCombine-Community in Frameworks */,
				292A6AB62B49D5C100E9A253 /* FirebaseMessaging in Frameworks */,
				292A6AB22B49D5C100E9A253 /* FirebaseInstallations in Frameworks */,
			);
			runOnlyForDeploymentPostprocessing = 0;
		};
/* End PBXFrameworksBuildPhase section */

/* Begin PBXGroup section */
		290B36382B4AB5CE00A9F6AF /* ViewModels */ = {
			isa = PBXGroup;
			children = (
				290B36392B4AB5E600A9F6AF /* RegisterationViewModel.swift */,
				290B363B2B4ABDFD00A9F6AF /* LoginViewModel.swift */,
			);
			path = ViewModels;
			sourceTree = "<group>";
		};
		29154D272B4C76150062A897 /* Views */ = {
			isa = PBXGroup;
			children = (
				2932ADE92B486B810001B4D7 /* FeedView.swift */,
				2932ADEB2B486B990001B4D7 /* FeedCellView.swift */,
				2932ADED2B486C9A0001B4D7 /* FeedCellActionView.swift */,
			);
			path = Views;
			sourceTree = "<group>";
		};
		29154D282B4C761F0062A897 /* ViewModels */ = {
			isa = PBXGroup;
			children = (
				29154D292B4C76300062A897 /* FeedViewModel.swift */,
				29C4A7012B4CA58F00E9BD92 /* FeedCellViewModel.swift */,
			);
			path = ViewModels;
			sourceTree = "<group>";
		};
		292A6A832B49C5D100E9A253 /* UploadPost */ = {
			isa = PBXGroup;
			children = (
				293A57F12B4C1C10008BF253 /* ViewModels */,
				293A57F02B4C1C08008BF253 /* Views */,
			);
			path = UploadPost;
			sourceTree = "<group>";
		};
		292A6AC12B49D75800E9A253 /* Views */ = {
			isa = PBXGroup;
			children = (
				2932ADF42B4874D00001B4D7 /* LoginView.swift */,
				294DF8562B48931900B0162E /* EmailView.swift */,
				2953DAEF2B48BBC10019D662 /* RegisterationStepView.swift */,
				2953DAF12B48BF420019D662 /* UsernameView.swift */,
				2953DAF52B48C3730019D662 /* PasswordView.swift */,
				2953DAF72B48C3DF0019D662 /* CompleteRegisterationView.swift */,
			);
			path = Views;
			sourceTree = "<group>";
		};
		292A6AC22B49D76400E9A253 /* Services */ = {
			isa = PBXGroup;
			children = (
				295547602B4AF59E002AE4CF /* UserService.swift */,
				295C70652B4B33B80069A6B3 /* StorageService.swift */,
				29C4A6FD2B4C99B500E9BD92 /* PostService.swift */,
			);
			path = Services;
			sourceTree = "<group>";
		};
		292A6AC52B49D84F00E9A253 /* Root */ = {
			isa = PBXGroup;
			children = (
				292A6AC72B49D86700E9A253 /* ViewModel */,
				292A6AC62B49D86000E9A253 /* Views */,
			);
			path = Root;
			sourceTree = "<group>";
		};
		292A6AC62B49D86000E9A253 /* Views */ = {
			isa = PBXGroup;
			children = (
				2932ADCE2B485FEA0001B4D7 /* ContentView.swift */,
			);
			path = Views;
			sourceTree = "<group>";
		};
		292A6AC72B49D86700E9A253 /* ViewModel */ = {
			isa = PBXGroup;
			children = (
				292A6AC82B49D88400E9A253 /* ContentViewModel.swift */,
			);
			path = ViewModel;
			sourceTree = "<group>";
		};
		292B6A132B4B066200E3F804 /* Views */ = {
			isa = PBXGroup;
			children = (
				2932ADE52B4861CE0001B4D7 /* ProfileView.swift */,
				2932ADE72B4862120001B4D7 /* ProfileStatView.swift */,
				2953DAFB2B48C90D0019D662 /* ProfileStructureView.swift */,
				292B6A112B4B027200E3F804 /* EditProfileView.swift */,
			);
			path = Views;
			sourceTree = "<group>";
		};
		292B6A142B4B06CA00E3F804 /* ViewModel */ = {
			isa = PBXGroup;
			children = (
				292B6A152B4B06E000E3F804 /* EditProfileViewModel.swift */,
				29C4A6FF2B4C9DBE00E9BD92 /* ProfileStructureViewModel.swift */,
			);
			path = ViewModel;
			sourceTree = "<group>";
		};
		2932ADC02B485FEA0001B4D7 = {
			isa = PBXGroup;
			children = (
				2932ADCB2B485FEA0001B4D7 /* Instagram */,
				2932ADCA2B485FEA0001B4D7 /* Products */,
			);
			sourceTree = "<group>";
		};
		2932ADCA2B485FEA0001B4D7 /* Products */ = {
			isa = PBXGroup;
			children = (
				2932ADC92B485FEA0001B4D7 /* Instagram.app */,
			);
			name = Products;
			sourceTree = "<group>";
		};
		2932ADCB2B485FEA0001B4D7 /* Instagram */ = {
			isa = PBXGroup;
			children = (
				2932ADDA2B4860020001B4D7 /* App */,
				2932ADDB2B4860060001B4D7 /* Core */,
				292A6AC22B49D76400E9A253 /* Services */,
				2932ADDC2B48600B0001B4D7 /* Extenstions */,
				2932ADDD2B48601A0001B4D7 /* Models */,
				2932ADD02B485FEB0001B4D7 /* Assets.xcassets */,
				2932ADD22B485FEB0001B4D7 /* Preview Content */,
				29154D2B2B4C7E940062A897 /* GoogleService-Info.plist */,
			);
			path = Instagram;
			sourceTree = "<group>";
		};
		2932ADD22B485FEB0001B4D7 /* Preview Content */ = {
			isa = PBXGroup;
			children = (
				2932ADD32B485FEB0001B4D7 /* Preview Assets.xcassets */,
			);
			path = "Preview Content";
			sourceTree = "<group>";
		};
		2932ADDA2B4860020001B4D7 /* App */ = {
			isa = PBXGroup;
			children = (
				2932ADCC2B485FEA0001B4D7 /* InstagramApp.swift */,
			);
			path = App;
			sourceTree = "<group>";
		};
		2932ADDB2B4860060001B4D7 /* Core */ = {
			isa = PBXGroup;
			children = (
				292A6AC52B49D84F00E9A253 /* Root */,
				294DF8582B48971E00B0162E /* Components */,
				297C7AEB2B4DAC7100B795CA /* Comments */,
				2932ADF62B4876DF0001B4D7 /* Modifiers */,
				2932ADDF2B4860340001B4D7 /* Auth */,
				2932ADE12B48604F0001B4D7 /* Feed */,
				2932ADEF2B4872AE0001B4D7 /* Search */,
				2932ADE02B4860440001B4D7 /* Profile */,
				2932ADE22B48606D0001B4D7 /* TabBar */,
				292A6A832B49C5D100E9A253 /* UploadPost */,
			);
			path = Core;
			sourceTree = "<group>";
		};
		2932ADDC2B48600B0001B4D7 /* Extenstions */ = {
			isa = PBXGroup;
			children = (
			);
			path = Extenstions;
			sourceTree = "<group>";
		};
		2932ADDD2B48601A0001B4D7 /* Models */ = {
			isa = PBXGroup;
			children = (
				2953DAF92B48C5EF0019D662 /* User.swift */,
				292A6A812B49C0DF00E9A253 /* Post.swift */,
			);
			path = Models;
			sourceTree = "<group>";
		};
		2932ADDF2B4860340001B4D7 /* Auth */ = {
			isa = PBXGroup;
			children = (
				295547622B4AF5BC002AE4CF /* Services */,
				290B36382B4AB5CE00A9F6AF /* ViewModels */,
				292A6AC12B49D75800E9A253 /* Views */,
			);
			path = Auth;
			sourceTree = "<group>";
		};
		2932ADE02B4860440001B4D7 /* Profile */ = {
			isa = PBXGroup;
			children = (
				292B6A142B4B06CA00E3F804 /* ViewModel */,
				292B6A132B4B066200E3F804 /* Views */,
			);
			path = Profile;
			sourceTree = "<group>";
		};
		2932ADE12B48604F0001B4D7 /* Feed */ = {
			isa = PBXGroup;
			children = (
				29154D282B4C761F0062A897 /* ViewModels */,
				29154D272B4C76150062A897 /* Views */,
			);
			path = Feed;
			sourceTree = "<group>";
		};
		2932ADE22B48606D0001B4D7 /* TabBar */ = {
			isa = PBXGroup;
			children = (
				2932ADE32B48609D0001B4D7 /* TabBarView.swift */,
			);
			path = TabBar;
			sourceTree = "<group>";
		};
		2932ADEF2B4872AE0001B4D7 /* Search */ = {
			isa = PBXGroup;
			children = (
				295547642B4AF64F002AE4CF /* ViewModels */,
				295547632B4AF645002AE4CF /* Views */,
			);
			path = Search;
			sourceTree = "<group>";
		};
		2932ADF62B4876DF0001B4D7 /* Modifiers */ = {
			isa = PBXGroup;
			children = (
				2932ADF72B4876EF0001B4D7 /* TextFieldModifier.swift */,
				2953DAF32B48C0200019D662 /* PrimaryButtonLabelModifier.swift */,
			);
			path = Modifiers;
			sourceTree = "<group>";
		};
		293A57F02B4C1C08008BF253 /* Views */ = {
			isa = PBXGroup;
			children = (
				292A6A842B49C5EF00E9A253 /* UploadPostView.swift */,
			);
			path = Views;
			sourceTree = "<group>";
		};
		293A57F12B4C1C10008BF253 /* ViewModels */ = {
			isa = PBXGroup;
			children = (
				292A6A862B49CAE800E9A253 /* UploadPostViewModel.swift */,
			);
			path = ViewModels;
			sourceTree = "<group>";
		};
		294DF8582B48971E00B0162E /* Components */ = {
			isa = PBXGroup;
			children = (
				293A57EE2B4C131F008BF253 /* ProfileImageView.swift */,
			);
			path = Components;
			sourceTree = "<group>";
		};
		295547622B4AF5BC002AE4CF /* Services */ = {
			isa = PBXGroup;
			children = (
				292A6AC32B49D77400E9A253 /* AuthService.swift */,
			);
			path = Services;
			sourceTree = "<group>";
		};
		295547632B4AF645002AE4CF /* Views */ = {
			isa = PBXGroup;
			children = (
				2932ADF02B4872D00001B4D7 /* SearchView.swift */,
				2932ADF22B4873020001B4D7 /* SearchItemView.swift */,
			);
			path = Views;
			sourceTree = "<group>";
		};
		295547642B4AF64F002AE4CF /* ViewModels */ = {
			isa = PBXGroup;
			children = (
				295547652B4AF675002AE4CF /* SearchViewModel.swift */,
			);
			path = ViewModels;
			sourceTree = "<group>";
		};
		295E217A2B4EC78000133E34 /* Services */ = {
			isa = PBXGroup;
			children = (
				295E217B2B4EC78F00133E34 /* CommentService.swift */,
			);
			path = Services;
			sourceTree = "<group>";
		};
		297C7AEB2B4DAC7100B795CA /* Comments */ = {
			isa = PBXGroup;
			children = (
				295E217A2B4EC78000133E34 /* Services */,
				297C7AF22B4DB6A400B795CA /* ViewModels */,
				297C7AF12B4DB69D00B795CA /* Models */,
				297C7AEE2B4DAC8800B795CA /* Views */,
			);
			path = Comments;
			sourceTree = "<group>";
		};
		297C7AEE2B4DAC8800B795CA /* Views */ = {
			isa = PBXGroup;
			children = (
				297C7AEC2B4DAC8300B795CA /* CommentCellView.swift */,
				297C7AEF2B4DAC9600B795CA /* CommentsView.swift */,
			);
			path = Views;
			sourceTree = "<group>";
		};
		297C7AF12B4DB69D00B795CA /* Models */ = {
			isa = PBXGroup;
			children = (
				297C7AF32B4DB70C00B795CA /* Comment.swift */,
			);
			path = Models;
			sourceTree = "<group>";
		};
		297C7AF22B4DB6A400B795CA /* ViewModels */ = {
			isa = PBXGroup;
			children = (
				295E217D2B4EC7A000133E34 /* CommentViewModel.swift */,
			);
			path = ViewModels;
			sourceTree = "<group>";
		};
/* End PBXGroup section */

/* Begin PBXNativeTarget section */
		2932ADC82B485FEA0001B4D7 /* Instagram */ = {
			isa = PBXNativeTarget;
			buildConfigurationList = 2932ADD72B485FEB0001B4D7 /* Build configuration list for PBXNativeTarget "Instagram" */;
			buildPhases = (
				2932ADC52B485FEA0001B4D7 /* Sources */,
				2932ADC62B485FEA0001B4D7 /* Frameworks */,
				2932ADC72B485FEA0001B4D7 /* Resources */,
			);
			buildRules = (
			);
			dependencies = (
			);
			name = Instagram;
			packageProductDependencies = (
				292A6A8B2B49D5C100E9A253 /* FirebaseAnalytics */,
				292A6A8D2B49D5C100E9A253 /* FirebaseAnalyticsOnDeviceConversion */,
				292A6A8F2B49D5C100E9A253 /* FirebaseAnalyticsSwift */,
				292A6A912B49D5C100E9A253 /* FirebaseAnalyticsWithoutAdIdSupport */,
				292A6A932B49D5C100E9A253 /* FirebaseAppCheck */,
				292A6A952B49D5C100E9A253 /* FirebaseAppDistribution-Beta */,
				292A6A972B49D5C100E9A253 /* FirebaseAuth */,
				292A6A992B49D5C100E9A253 /* FirebaseAuthCombine-Community */,
				292A6A9B2B49D5C100E9A253 /* FirebaseCrashlytics */,
				292A6A9D2B49D5C100E9A253 /* FirebaseDatabase */,
				292A6A9F2B49D5C100E9A253 /* FirebaseDatabaseSwift */,
				292A6AA12B49D5C100E9A253 /* FirebaseDynamicLinks */,
				292A6AA32B49D5C100E9A253 /* FirebaseFirestore */,
				292A6AA52B49D5C100E9A253 /* FirebaseFirestoreCombine-Community */,
				292A6AA72B49D5C100E9A253 /* FirebaseFirestoreSwift */,
				292A6AA92B49D5C100E9A253 /* FirebaseFunctions */,
				292A6AAB2B49D5C100E9A253 /* FirebaseFunctionsCombine-Community */,
				292A6AAD2B49D5C100E9A253 /* FirebaseInAppMessaging-Beta */,
				292A6AAF2B49D5C100E9A253 /* FirebaseInAppMessagingSwift-Beta */,
				292A6AB12B49D5C100E9A253 /* FirebaseInstallations */,
				292A6AB32B49D5C100E9A253 /* FirebaseMLModelDownloader */,
				292A6AB52B49D5C100E9A253 /* FirebaseMessaging */,
				292A6AB72B49D5C100E9A253 /* FirebasePerformance */,
				292A6AB92B49D5C100E9A253 /* FirebaseRemoteConfig */,
				292A6ABB2B49D5C100E9A253 /* FirebaseRemoteConfigSwift */,
				292A6ABD2B49D5C100E9A253 /* FirebaseStorage */,
				292A6ABF2B49D5C100E9A253 /* FirebaseStorageCombine-Community */,
				295C70682B4B3C940069A6B3 /* Kingfisher */,
			);
			productName = Instagram;
			productReference = 2932ADC92B485FEA0001B4D7 /* Instagram.app */;
			productType = "com.apple.product-type.application";
		};
/* End PBXNativeTarget section */

/* Begin PBXProject section */
		2932ADC12B485FEA0001B4D7 /* Project object */ = {
			isa = PBXProject;
			attributes = {
				BuildIndependentTargetsInParallel = 1;
				LastSwiftUpdateCheck = 1510;
				LastUpgradeCheck = 1510;
				TargetAttributes = {
					2932ADC82B485FEA0001B4D7 = {
						CreatedOnToolsVersion = 15.1;
					};
				};
			};
			buildConfigurationList = 2932ADC42B485FEA0001B4D7 /* Build configuration list for PBXProject "Instagram" */;
			compatibilityVersion = "Xcode 14.0";
			developmentRegion = en;
			hasScannedForEncodings = 0;
			knownRegions = (
				en,
				Base,
			);
			mainGroup = 2932ADC02B485FEA0001B4D7;
			packageReferences = (
				292A6A8A2B49D5C100E9A253 /* XCRemoteSwiftPackageReference "firebase-ios-sdk" */,
				295C70672B4B3C940069A6B3 /* XCRemoteSwiftPackageReference "Kingfisher" */,
			);
			productRefGroup = 2932ADCA2B485FEA0001B4D7 /* Products */;
			projectDirPath = "";
			projectRoot = "";
			targets = (
				2932ADC82B485FEA0001B4D7 /* Instagram */,
			);
		};
/* End PBXProject section */

/* Begin PBXResourcesBuildPhase section */
		2932ADC72B485FEA0001B4D7 /* Resources */ = {
			isa = PBXResourcesBuildPhase;
			buildActionMask = 2147483647;
			files = (
				2932ADD42B485FEB0001B4D7 /* Preview Assets.xcassets in Resources */,
				2932ADD12B485FEB0001B4D7 /* Assets.xcassets in Resources */,
				29154D2C2B4C7E950062A897 /* GoogleService-Info.plist in Resources */,
			);
			runOnlyForDeploymentPostprocessing = 0;
		};
/* End PBXResourcesBuildPhase section */

/* Begin PBXSourcesBuildPhase section */
		2932ADC52B485FEA0001B4D7 /* Sources */ = {
			isa = PBXSourcesBuildPhase;
			buildActionMask = 2147483647;
			files = (
				29C4A7002B4C9DBE00E9BD92 /* ProfileStructureViewModel.swift in Sources */,
				292B6A122B4B027200E3F804 /* EditProfileView.swift in Sources */,
				295547612B4AF59E002AE4CF /* UserService.swift in Sources */,
				294DF8572B48931900B0162E /* EmailView.swift in Sources */,
				292A6A872B49CAE800E9A253 /* UploadPostViewModel.swift in Sources */,
				2953DAF82B48C3DF0019D662 /* CompleteRegisterationView.swift in Sources */,
				297C7AED2B4DAC8300B795CA /* CommentCellView.swift in Sources */,
				295C70662B4B33B80069A6B3 /* StorageService.swift in Sources */,
				2953DAF62B48C3730019D662 /* PasswordView.swift in Sources */,
				292A6A852B49C5EF00E9A253 /* UploadPostView.swift in Sources */,
				2953DAF02B48BBC10019D662 /* RegisterationStepView.swift in Sources */,
				2932ADEE2B486C9A0001B4D7 /* FeedCellActionView.swift in Sources */,
				295E217E2B4EC7A000133E34 /* CommentViewModel.swift in Sources */,
				2932ADF12B4872D00001B4D7 /* SearchView.swift in Sources */,
				290B363C2B4ABDFE00A9F6AF /* LoginViewModel.swift in Sources */,
				2932ADEC2B486B990001B4D7 /* FeedCellView.swift in Sources */,
				292A6AC92B49D88400E9A253 /* ContentViewModel.swift in Sources */,
				292B6A162B4B06E000E3F804 /* EditProfileViewModel.swift in Sources */,
				290B363A2B4AB5E600A9F6AF /* RegisterationViewModel.swift in Sources */,
				2932ADF32B4873020001B4D7 /* SearchItemView.swift in Sources */,
				2932ADE62B4861CE0001B4D7 /* ProfileView.swift in Sources */,
				29154D2A2B4C76300062A897 /* FeedViewModel.swift in Sources */,
				2932ADCF2B485FEA0001B4D7 /* ContentView.swift in Sources */,
				2953DAF22B48BF420019D662 /* UsernameView.swift in Sources */,
				297C7AF02B4DAC9600B795CA /* CommentsView.swift in Sources */,
				293A57EF2B4C131F008BF253 /* ProfileImageView.swift in Sources */,
				295E217C2B4EC78F00133E34 /* CommentService.swift in Sources */,
				29C4A7022B4CA58F00E9BD92 /* FeedCellViewModel.swift in Sources */,
				2932ADF82B4876EF0001B4D7 /* TextFieldModifier.swift in Sources */,
				295547662B4AF675002AE4CF /* SearchViewModel.swift in Sources */,
				292A6A822B49C0DF00E9A253 /* Post.swift in Sources */,
				292A6AC42B49D77400E9A253 /* AuthService.swift in Sources */,
				2932ADE42B48609D0001B4D7 /* TabBarView.swift in Sources */,
				2953DAF42B48C0200019D662 /* PrimaryButtonLabelModifier.swift in Sources */,
				2953DAFC2B48C90D0019D662 /* ProfileStructureView.swift in Sources */,
				2932ADCD2B485FEA0001B4D7 /* InstagramApp.swift in Sources */,
				29C4A6FE2B4C99B500E9BD92 /* PostService.swift in Sources */,
				297C7AF42B4DB70C00B795CA /* Comment.swift in Sources */,
				2932ADF52B4874D00001B4D7 /* LoginView.swift in Sources */,
				2932ADEA2B486B810001B4D7 /* FeedView.swift in Sources */,
				2932ADE82B4862120001B4D7 /* ProfileStatView.swift in Sources */,
				2953DAFA2B48C5EF0019D662 /* User.swift in Sources */,
			);
			runOnlyForDeploymentPostprocessing = 0;
		};
/* End PBXSourcesBuildPhase section */

/* Begin XCBuildConfiguration section */
		2932ADD52B485FEB0001B4D7 /* Debug */ = {
			isa = XCBuildConfiguration;
			buildSettings = {
				ALWAYS_SEARCH_USER_PATHS = NO;
				ASSETCATALOG_COMPILER_GENERATE_SWIFT_ASSET_SYMBOL_EXTENSIONS = YES;
				CLANG_ANALYZER_NONNULL = YES;
				CLANG_ANALYZER_NUMBER_OBJECT_CONVERSION = YES_AGGRESSIVE;
				CLANG_CXX_LANGUAGE_STANDARD = "gnu++20";
				CLANG_ENABLE_MODULES = YES;
				CLANG_ENABLE_OBJC_ARC = YES;
				CLANG_ENABLE_OBJC_WEAK = YES;
				CLANG_WARN_BLOCK_CAPTURE_AUTORELEASING = YES;
				CLANG_WARN_BOOL_CONVERSION = YES;
				CLANG_WARN_COMMA = YES;
				CLANG_WARN_CONSTANT_CONVERSION = YES;
				CLANG_WARN_DEPRECATED_OBJC_IMPLEMENTATIONS = YES;
				CLANG_WARN_DIRECT_OBJC_ISA_USAGE = YES_ERROR;
				CLANG_WARN_DOCUMENTATION_COMMENTS = YES;
				CLANG_WARN_EMPTY_BODY = YES;
				CLANG_WARN_ENUM_CONVERSION = YES;
				CLANG_WARN_INFINITE_RECURSION = YES;
				CLANG_WARN_INT_CONVERSION = YES;
				CLANG_WARN_NON_LITERAL_NULL_CONVERSION = YES;
				CLANG_WARN_OBJC_IMPLICIT_RETAIN_SELF = YES;
				CLANG_WARN_OBJC_LITERAL_CONVERSION = YES;
				CLANG_WARN_OBJC_ROOT_CLASS = YES_ERROR;
				CLANG_WARN_QUOTED_INCLUDE_IN_FRAMEWORK_HEADER = YES;
				CLANG_WARN_RANGE_LOOP_ANALYSIS = YES;
				CLANG_WARN_STRICT_PROTOTYPES = YES;
				CLANG_WARN_SUSPICIOUS_MOVE = YES;
				CLANG_WARN_UNGUARDED_AVAILABILITY = YES_AGGRESSIVE;
				CLANG_WARN_UNREACHABLE_CODE = YES;
				CLANG_WARN__DUPLICATE_METHOD_MATCH = YES;
				COPY_PHASE_STRIP = NO;
				DEBUG_INFORMATION_FORMAT = dwarf;
				ENABLE_STRICT_OBJC_MSGSEND = YES;
				ENABLE_TESTABILITY = YES;
				ENABLE_USER_SCRIPT_SANDBOXING = YES;
				GCC_C_LANGUAGE_STANDARD = gnu17;
				GCC_DYNAMIC_NO_PIC = NO;
				GCC_NO_COMMON_BLOCKS = YES;
				GCC_OPTIMIZATION_LEVEL = 0;
				GCC_PREPROCESSOR_DEFINITIONS = (
					"DEBUG=1",
					"$(inherited)",
				);
				GCC_WARN_64_TO_32_BIT_CONVERSION = YES;
				GCC_WARN_ABOUT_RETURN_TYPE = YES_ERROR;
				GCC_WARN_UNDECLARED_SELECTOR = YES;
				GCC_WARN_UNINITIALIZED_AUTOS = YES_AGGRESSIVE;
				GCC_WARN_UNUSED_FUNCTION = YES;
				GCC_WARN_UNUSED_VARIABLE = YES;
				IPHONEOS_DEPLOYMENT_TARGET = 17.2;
				LOCALIZATION_PREFERS_STRING_CATALOGS = YES;
				MTL_ENABLE_DEBUG_INFO = INCLUDE_SOURCE;
				MTL_FAST_MATH = YES;
				ONLY_ACTIVE_ARCH = YES;
				SDKROOT = iphoneos;
				SWIFT_ACTIVE_COMPILATION_CONDITIONS = "DEBUG $(inherited)";
				SWIFT_OPTIMIZATION_LEVEL = "-Onone";
			};
			name = Debug;
		};
		2932ADD62B485FEB0001B4D7 /* Release */ = {
			isa = XCBuildConfiguration;
			buildSettings = {
				ALWAYS_SEARCH_USER_PATHS = NO;
				ASSETCATALOG_COMPILER_GENERATE_SWIFT_ASSET_SYMBOL_EXTENSIONS = YES;
				CLANG_ANALYZER_NONNULL = YES;
				CLANG_ANALYZER_NUMBER_OBJECT_CONVERSION = YES_AGGRESSIVE;
				CLANG_CXX_LANGUAGE_STANDARD = "gnu++20";
				CLANG_ENABLE_MODULES = YES;
				CLANG_ENABLE_OBJC_ARC = YES;
				CLANG_ENABLE_OBJC_WEAK = YES;
				CLANG_WARN_BLOCK_CAPTURE_AUTORELEASING = YES;
				CLANG_WARN_BOOL_CONVERSION = YES;
				CLANG_WARN_COMMA = YES;
				CLANG_WARN_CONSTANT_CONVERSION = YES;
				CLANG_WARN_DEPRECATED_OBJC_IMPLEMENTATIONS = YES;
				CLANG_WARN_DIRECT_OBJC_ISA_USAGE = YES_ERROR;
				CLANG_WARN_DOCUMENTATION_COMMENTS = YES;
				CLANG_WARN_EMPTY_BODY = YES;
				CLANG_WARN_ENUM_CONVERSION = YES;
				CLANG_WARN_INFINITE_RECURSION = YES;
				CLANG_WARN_INT_CONVERSION = YES;
				CLANG_WARN_NON_LITERAL_NULL_CONVERSION = YES;
				CLANG_WARN_OBJC_IMPLICIT_RETAIN_SELF = YES;
				CLANG_WARN_OBJC_LITERAL_CONVERSION = YES;
				CLANG_WARN_OBJC_ROOT_CLASS = YES_ERROR;
				CLANG_WARN_QUOTED_INCLUDE_IN_FRAMEWORK_HEADER = YES;
				CLANG_WARN_RANGE_LOOP_ANALYSIS = YES;
				CLANG_WARN_STRICT_PROTOTYPES = YES;
				CLANG_WARN_SUSPICIOUS_MOVE = YES;
				CLANG_WARN_UNGUARDED_AVAILABILITY = YES_AGGRESSIVE;
				CLANG_WARN_UNREACHABLE_CODE = YES;
				CLANG_WARN__DUPLICATE_METHOD_MATCH = YES;
				COPY_PHASE_STRIP = NO;
				DEBUG_INFORMATION_FORMAT = "dwarf-with-dsym";
				ENABLE_NS_ASSERTIONS = NO;
				ENABLE_STRICT_OBJC_MSGSEND = YES;
				ENABLE_USER_SCRIPT_SANDBOXING = YES;
				GCC_C_LANGUAGE_STANDARD = gnu17;
				GCC_NO_COMMON_BLOCKS = YES;
				GCC_WARN_64_TO_32_BIT_CONVERSION = YES;
				GCC_WARN_ABOUT_RETURN_TYPE = YES_ERROR;
				GCC_WARN_UNDECLARED_SELECTOR = YES;
				GCC_WARN_UNINITIALIZED_AUTOS = YES_AGGRESSIVE;
				GCC_WARN_UNUSED_FUNCTION = YES;
				GCC_WARN_UNUSED_VARIABLE = YES;
				IPHONEOS_DEPLOYMENT_TARGET = 17.2;
				LOCALIZATION_PREFERS_STRING_CATALOGS = YES;
				MTL_ENABLE_DEBUG_INFO = NO;
				MTL_FAST_MATH = YES;
				SDKROOT = iphoneos;
				SWIFT_COMPILATION_MODE = wholemodule;
				VALIDATE_PRODUCT = YES;
			};
			name = Release;
		};
		2932ADD82B485FEB0001B4D7 /* Debug */ = {
			isa = XCBuildConfiguration;
			buildSettings = {
				ASSETCATALOG_COMPILER_APPICON_NAME = AppIcon;
				ASSETCATALOG_COMPILER_GLOBAL_ACCENT_COLOR_NAME = AccentColor;
				CODE_SIGN_STYLE = Automatic;
				CURRENT_PROJECT_VERSION = 1;
				DEVELOPMENT_ASSET_PATHS = "\"Instagram/Preview Content\"";
				ENABLE_PREVIEWS = YES;
				GENERATE_INFOPLIST_FILE = YES;
				INFOPLIST_KEY_UIApplicationSceneManifest_Generation = YES;
				INFOPLIST_KEY_UIApplicationSupportsIndirectInputEvents = YES;
				INFOPLIST_KEY_UILaunchScreen_Generation = YES;
				INFOPLIST_KEY_UISupportedInterfaceOrientations_iPad = "UIInterfaceOrientationPortrait UIInterfaceOrientationPortraitUpsideDown UIInterfaceOrientationLandscapeLeft UIInterfaceOrientationLandscapeRight";
				INFOPLIST_KEY_UISupportedInterfaceOrientations_iPhone = "UIInterfaceOrientationPortrait UIInterfaceOrientationLandscapeLeft UIInterfaceOrientationLandscapeRight";
				LD_RUNPATH_SEARCH_PATHS = (
					"$(inherited)",
					"@executable_path/Frameworks",
				);
				MARKETING_VERSION = 1.0;
				PRODUCT_BUNDLE_IDENTIFIER = com.amir.instagramclone.Instagram;
				PRODUCT_NAME = "$(TARGET_NAME)";
				SWIFT_EMIT_LOC_STRINGS = YES;
				SWIFT_VERSION = 5.0;
				TARGETED_DEVICE_FAMILY = "1,2";
			};
			name = Debug;
		};
		2932ADD92B485FEB0001B4D7 /* Release */ = {
			isa = XCBuildConfiguration;
			buildSettings = {
				ASSETCATALOG_COMPILER_APPICON_NAME = AppIcon;
				ASSETCATALOG_COMPILER_GLOBAL_ACCENT_COLOR_NAME = AccentColor;
				CODE_SIGN_STYLE = Automatic;
				CURRENT_PROJECT_VERSION = 1;
				DEVELOPMENT_ASSET_PATHS = "\"Instagram/Preview Content\"";
				ENABLE_PREVIEWS = YES;
				GENERATE_INFOPLIST_FILE = YES;
				INFOPLIST_KEY_UIApplicationSceneManifest_Generation = YES;
				INFOPLIST_KEY_UIApplicationSupportsIndirectInputEvents = YES;
				INFOPLIST_KEY_UILaunchScreen_Generation = YES;
				INFOPLIST_KEY_UISupportedInterfaceOrientations_iPad = "UIInterfaceOrientationPortrait UIInterfaceOrientationPortraitUpsideDown UIInterfaceOrientationLandscapeLeft UIInterfaceOrientationLandscapeRight";
				INFOPLIST_KEY_UISupportedInterfaceOrientations_iPhone = "UIInterfaceOrientationPortrait UIInterfaceOrientationLandscapeLeft UIInterfaceOrientationLandscapeRight";
				LD_RUNPATH_SEARCH_PATHS = (
					"$(inherited)",
					"@executable_path/Frameworks",
				);
				MARKETING_VERSION = 1.0;
				PRODUCT_BUNDLE_IDENTIFIER = com.amir.instagramclone.Instagram;
				PRODUCT_NAME = "$(TARGET_NAME)";
				SWIFT_EMIT_LOC_STRINGS = YES;
				SWIFT_VERSION = 5.0;
				TARGETED_DEVICE_FAMILY = "1,2";
			};
			name = Release;
		};
/* End XCBuildConfiguration section */

/* Begin XCConfigurationList section */
		2932ADC42B485FEA0001B4D7 /* Build configuration list for PBXProject "Instagram" */ = {
			isa = XCConfigurationList;
			buildConfigurations = (
				2932ADD52B485FEB0001B4D7 /* Debug */,
				2932ADD62B485FEB0001B4D7 /* Release */,
			);
			defaultConfigurationIsVisible = 0;
			defaultConfigurationName = Release;
		};
		2932ADD72B485FEB0001B4D7 /* Build configuration list for PBXNativeTarget "Instagram" */ = {
			isa = XCConfigurationList;
			buildConfigurations = (
				2932ADD82B485FEB0001B4D7 /* Debug */,
				2932ADD92B485FEB0001B4D7 /* Release */,
			);
			defaultConfigurationIsVisible = 0;
			defaultConfigurationName = Release;
		};
/* End XCConfigurationList section */

/* Begin XCRemoteSwiftPackageReference section */
		292A6A8A2B49D5C100E9A253 /* XCRemoteSwiftPackageReference "firebase-ios-sdk" */ = {
			isa = XCRemoteSwiftPackageReference;
			repositoryURL = "https://github.com/firebase/firebase-ios-sdk";
			requirement = {
				kind = upToNextMajorVersion;
				minimumVersion = 10.19.1;
			};
		};
		295C70672B4B3C940069A6B3 /* XCRemoteSwiftPackageReference "Kingfisher" */ = {
			isa = XCRemoteSwiftPackageReference;
			repositoryURL = "https://github.com/onevcat/Kingfisher";
			requirement = {
				kind = upToNextMajorVersion;
				minimumVersion = 7.10.1;
			};
		};
/* End XCRemoteSwiftPackageReference section */

/* Begin XCSwiftPackageProductDependency section */
		292A6A8B2B49D5C100E9A253 /* FirebaseAnalytics */ = {
			isa = XCSwiftPackageProductDependency;
			package = 292A6A8A2B49D5C100E9A253 /* XCRemoteSwiftPackageReference "firebase-ios-sdk" */;
			productName = FirebaseAnalytics;
		};
		292A6A8D2B49D5C100E9A253 /* FirebaseAnalyticsOnDeviceConversion */ = {
			isa = XCSwiftPackageProductDependency;
			package = 292A6A8A2B49D5C100E9A253 /* XCRemoteSwiftPackageReference "firebase-ios-sdk" */;
			productName = FirebaseAnalyticsOnDeviceConversion;
		};
		292A6A8F2B49D5C100E9A253 /* FirebaseAnalyticsSwift */ = {
			isa = XCSwiftPackageProductDependency;
			package = 292A6A8A2B49D5C100E9A253 /* XCRemoteSwiftPackageReference "firebase-ios-sdk" */;
			productName = FirebaseAnalyticsSwift;
		};
		292A6A912B49D5C100E9A253 /* FirebaseAnalyticsWithoutAdIdSupport */ = {
			isa = XCSwiftPackageProductDependency;
			package = 292A6A8A2B49D5C100E9A253 /* XCRemoteSwiftPackageReference "firebase-ios-sdk" */;
			productName = FirebaseAnalyticsWithoutAdIdSupport;
		};
		292A6A932B49D5C100E9A253 /* FirebaseAppCheck */ = {
			isa = XCSwiftPackageProductDependency;
			package = 292A6A8A2B49D5C100E9A253 /* XCRemoteSwiftPackageReference "firebase-ios-sdk" */;
			productName = FirebaseAppCheck;
		};
		292A6A952B49D5C100E9A253 /* FirebaseAppDistribution-Beta */ = {
			isa = XCSwiftPackageProductDependency;
			package = 292A6A8A2B49D5C100E9A253 /* XCRemoteSwiftPackageReference "firebase-ios-sdk" */;
			productName = "FirebaseAppDistribution-Beta";
		};
		292A6A972B49D5C100E9A253 /* FirebaseAuth */ = {
			isa = XCSwiftPackageProductDependency;
			package = 292A6A8A2B49D5C100E9A253 /* XCRemoteSwiftPackageReference "firebase-ios-sdk" */;
			productName = FirebaseAuth;
		};
		292A6A992B49D5C100E9A253 /* FirebaseAuthCombine-Community */ = {
			isa = XCSwiftPackageProductDependency;
			package = 292A6A8A2B49D5C100E9A253 /* XCRemoteSwiftPackageReference "firebase-ios-sdk" */;
			productName = "FirebaseAuthCombine-Community";
		};
		292A6A9B2B49D5C100E9A253 /* FirebaseCrashlytics */ = {
			isa = XCSwiftPackageProductDependency;
			package = 292A6A8A2B49D5C100E9A253 /* XCRemoteSwiftPackageReference "firebase-ios-sdk" */;
			productName = FirebaseCrashlytics;
		};
		292A6A9D2B49D5C100E9A253 /* FirebaseDatabase */ = {
			isa = XCSwiftPackageProductDependency;
			package = 292A6A8A2B49D5C100E9A253 /* XCRemoteSwiftPackageReference "firebase-ios-sdk" */;
			productName = FirebaseDatabase;
		};
		292A6A9F2B49D5C100E9A253 /* FirebaseDatabaseSwift */ = {
			isa = XCSwiftPackageProductDependency;
			package = 292A6A8A2B49D5C100E9A253 /* XCRemoteSwiftPackageReference "firebase-ios-sdk" */;
			productName = FirebaseDatabaseSwift;
		};
		292A6AA12B49D5C100E9A253 /* FirebaseDynamicLinks */ = {
			isa = XCSwiftPackageProductDependency;
			package = 292A6A8A2B49D5C100E9A253 /* XCRemoteSwiftPackageReference "firebase-ios-sdk" */;
			productName = FirebaseDynamicLinks;
		};
		292A6AA32B49D5C100E9A253 /* FirebaseFirestore */ = {
			isa = XCSwiftPackageProductDependency;
			package = 292A6A8A2B49D5C100E9A253 /* XCRemoteSwiftPackageReference "firebase-ios-sdk" */;
			productName = FirebaseFirestore;
		};
		292A6AA52B49D5C100E9A253 /* FirebaseFirestoreCombine-Community */ = {
			isa = XCSwiftPackageProductDependency;
			package = 292A6A8A2B49D5C100E9A253 /* XCRemoteSwiftPackageReference "firebase-ios-sdk" */;
			productName = "FirebaseFirestoreCombine-Community";
		};
		292A6AA72B49D5C100E9A253 /* FirebaseFirestoreSwift */ = {
			isa = XCSwiftPackageProductDependency;
			package = 292A6A8A2B49D5C100E9A253 /* XCRemoteSwiftPackageReference "firebase-ios-sdk" */;
			productName = FirebaseFirestoreSwift;
		};
		292A6AA92B49D5C100E9A253 /* FirebaseFunctions */ = {
			isa = XCSwiftPackageProductDependency;
			package = 292A6A8A2B49D5C100E9A253 /* XCRemoteSwiftPackageReference "firebase-ios-sdk" */;
			productName = FirebaseFunctions;
		};
		292A6AAB2B49D5C100E9A253 /* FirebaseFunctionsCombine-Community */ = {
			isa = XCSwiftPackageProductDependency;
			package = 292A6A8A2B49D5C100E9A253 /* XCRemoteSwiftPackageReference "firebase-ios-sdk" */;
			productName = "FirebaseFunctionsCombine-Community";
		};
		292A6AAD2B49D5C100E9A253 /* FirebaseInAppMessaging-Beta */ = {
			isa = XCSwiftPackageProductDependency;
			package = 292A6A8A2B49D5C100E9A253 /* XCRemoteSwiftPackageReference "firebase-ios-sdk" */;
			productName = "FirebaseInAppMessaging-Beta";
		};
		292A6AAF2B49D5C100E9A253 /* FirebaseInAppMessagingSwift-Beta */ = {
			isa = XCSwiftPackageProductDependency;
			package = 292A6A8A2B49D5C100E9A253 /* XCRemoteSwiftPackageReference "firebase-ios-sdk" */;
			productName = "FirebaseInAppMessagingSwift-Beta";
		};
		292A6AB12B49D5C100E9A253 /* FirebaseInstallations */ = {
			isa = XCSwiftPackageProductDependency;
			package = 292A6A8A2B49D5C100E9A253 /* XCRemoteSwiftPackageReference "firebase-ios-sdk" */;
			productName = FirebaseInstallations;
		};
		292A6AB32B49D5C100E9A253 /* FirebaseMLModelDownloader */ = {
			isa = XCSwiftPackageProductDependency;
			package = 292A6A8A2B49D5C100E9A253 /* XCRemoteSwiftPackageReference "firebase-ios-sdk" */;
			productName = FirebaseMLModelDownloader;
		};
		292A6AB52B49D5C100E9A253 /* FirebaseMessaging */ = {
			isa = XCSwiftPackageProductDependency;
			package = 292A6A8A2B49D5C100E9A253 /* XCRemoteSwiftPackageReference "firebase-ios-sdk" */;
			productName = FirebaseMessaging;
		};
		292A6AB72B49D5C100E9A253 /* FirebasePerformance */ = {
			isa = XCSwiftPackageProductDependency;
			package = 292A6A8A2B49D5C100E9A253 /* XCRemoteSwiftPackageReference "firebase-ios-sdk" */;
			productName = FirebasePerformance;
		};
		292A6AB92B49D5C100E9A253 /* FirebaseRemoteConfig */ = {
			isa = XCSwiftPackageProductDependency;
			package = 292A6A8A2B49D5C100E9A253 /* XCRemoteSwiftPackageReference "firebase-ios-sdk" */;
			productName = FirebaseRemoteConfig;
		};
		292A6ABB2B49D5C100E9A253 /* FirebaseRemoteConfigSwift */ = {
			isa = XCSwiftPackageProductDependency;
			package = 292A6A8A2B49D5C100E9A253 /* XCRemoteSwiftPackageReference "firebase-ios-sdk" */;
			productName = FirebaseRemoteConfigSwift;
		};
		292A6ABD2B49D5C100E9A253 /* FirebaseStorage */ = {
			isa = XCSwiftPackageProductDependency;
			package = 292A6A8A2B49D5C100E9A253 /* XCRemoteSwiftPackageReference "firebase-ios-sdk" */;
			productName = FirebaseStorage;
		};
		292A6ABF2B49D5C100E9A253 /* FirebaseStorageCombine-Community */ = {
			isa = XCSwiftPackageProductDependency;
			package = 292A6A8A2B49D5C100E9A253 /* XCRemoteSwiftPackageReference "firebase-ios-sdk" */;
			productName = "FirebaseStorageCombine-Community";
		};
		295C70682B4B3C940069A6B3 /* Kingfisher */ = {
			isa = XCSwiftPackageProductDependency;
			package = 295C70672B4B3C940069A6B3 /* XCRemoteSwiftPackageReference "Kingfisher" */;
			productName = Kingfisher;
		};
/* End XCSwiftPackageProductDependency section */
	};
	rootObject = 2932ADC12B485FEA0001B4D7 /* Project object */;
}
